
Microsoft Visual Studio Solution File, Format Version 12.00
# Visual Studio Version 17
VisualStudioVersion = 17.9.34728.123
MinimumVisualStudioVersion = 10.0.40219.1
Project("{FAE04EC0-301F-11D3-BF4B-00C04F79EFBC}") = "WesleysInteriorsAddon", "WesleysInteriorsAddon\WesleysInteriorsAddon.csproj", "{7D570B80-6210-4E5C-B68F-A59E54F05326}"
EndProject
Global
	GlobalSection(SolutionConfigurationPlatforms) = preSolution
		Debug|Any CPU = Debug|Any CPU
		Release|Any CPU = Release|Any CPU
	EndGlobalSection
	GlobalSection(ProjectConfigurationPlatforms) = postSolution
		{7D570B80-6210-4E5C-B68F-A59E54F05326}.Debug|Any CPU.ActiveCfg = Debug|Any CPU
		{7D570B80-6210-4E5C-B68F-A59E54F05326}.Debug|Any CPU.Build.0 = Debug|Any CPU
		{7D570B80-6210-4E5C-B68F-A59E54F05326}.Release|Any CPU.ActiveCfg = Release|Any CPU
		{7D570B80-6210-4E5C-B68F-A59E54F05326}.Release|Any CPU.Build.0 = Release|Any CPU
	EndGlobalSection
	GlobalSection(SolutionProperties) = preSolution
		HideSolutionNode = FALSE
	EndGlobalSection
	GlobalSection(ExtensibilityGlobals) = postSolution
		SolutionGuid = {A535CE8B-C38A-4916-B47F-4E7F1E6ED1DE}
	EndGlobalSection
EndGlobal
